
Microsoft Visual Studio Solution File, Format Version 12.00
# Visual Studio Version 17
VisualStudioVersion = 17.0.31815.197
MinimumVisualStudioVersion = 10.0.40219.1
Project("{9A19103F-16F7-4668-BE54-9A1E7A4F7556}") = "W3fy.Portal", "W3fy.Portal\W3fy.Portal.csproj", "{2A2CD4E1-0011-4EFF-A401-FE6286B76A86}"
EndProject
Project("{9A19103F-16F7-4668-BE54-9A1E7A4F7556}") = "W3fy.Models", "W3fy.Models\W3fy.Models.csproj", "{2B34E033-92B6-4D3C-9EDF-1AF39E131FE1}"
EndProject
Project("{9A19103F-16F7-4668-BE54-9A1E7A4F7556}") = "W3fy.Data", "W3fy.Data\W3fy.Data.csproj", "{F0E24259-7230-44B4-9C94-E700671D71D4}"
EndProject
Global
	GlobalSection(SolutionConfigurationPlatforms) = preSolution
		Debug|Any CPU = Debug|Any CPU
		Release|Any CPU = Release|Any CPU
	EndGlobalSection
	GlobalSection(ProjectConfigurationPlatforms) = postSolution
		{2A2CD4E1-0011-4EFF-A401-FE6286B76A86}.Debug|Any CPU.ActiveCfg = Debug|Any CPU
		{2A2CD4E1-0011-4EFF-A401-FE6286B76A86}.Debug|Any CPU.Build.0 = Debug|Any CPU
		{2A2CD4E1-0011-4EFF-A401-FE6286B76A86}.Release|Any CPU.ActiveCfg = Release|Any CPU
		{2A2CD4E1-0011-4EFF-A401-FE6286B76A86}.Release|Any CPU.Build.0 = Release|Any CPU
		{2B34E033-92B6-4D3C-9EDF-1AF39E131FE1}.Debug|Any CPU.ActiveCfg = Debug|Any CPU
		{2B34E033-92B6-4D3C-9EDF-1AF39E131FE1}.Debug|Any CPU.Build.0 = Debug|Any CPU
		{2B34E033-92B6-4D3C-9EDF-1AF39E131FE1}.Release|Any CPU.ActiveCfg = Release|Any CPU
		{2B34E033-92B6-4D3C-9EDF-1AF39E131FE1}.Release|Any CPU.Build.0 = Release|Any CPU
		{F0E24259-7230-44B4-9C94-E700671D71D4}.Debug|Any CPU.ActiveCfg = Debug|Any CPU
		{F0E24259-7230-44B4-9C94-E700671D71D4}.Debug|Any CPU.Build.0 = Debug|Any CPU
		{F0E24259-7230-44B4-9C94-E700671D71D4}.Release|Any CPU.ActiveCfg = Release|Any CPU
		{F0E24259-7230-44B4-9C94-E700671D71D4}.Release|Any CPU.Build.0 = Release|Any CPU
	EndGlobalSection
	GlobalSection(SolutionProperties) = preSolution
		HideSolutionNode = FALSE
	EndGlobalSection
	GlobalSection(ExtensibilityGlobals) = postSolution
		SolutionGuid = {93D6A9CD-D0F9-423B-9879-2EEFF7BB7B8E}
	EndGlobalSection
EndGlobal
